
Microsoft Visual Studio Solution File, Format Version 12.00
# Visual Studio 15
VisualStudioVersion = 15.0.27428.2015
MinimumVisualStudioVersion = 10.0.40219.1
Project("{FAE04EC0-301F-11D3-BF4B-00C04F79EFBC}") = "ProjectGruntExample", "ProjectGruntExample\ProjectGruntExample.csproj", "{9C69DA83-C1FC-4D04-9EC1-46C0F99EF45A}"
EndProject
Global
	GlobalSection(SolutionConfigurationPlatforms) = preSolution
		Debug|Any CPU = Debug|Any CPU
		Release|Any CPU = Release|Any CPU
	EndGlobalSection
	GlobalSection(ProjectConfigurationPlatforms) = postSolution
		{9C69DA83-C1FC-4D04-9EC1-46C0F99EF45A}.Debug|Any CPU.ActiveCfg = Debug|Any CPU
		{9C69DA83-C1FC-4D04-9EC1-46C0F99EF45A}.Debug|Any CPU.Build.0 = Debug|Any CPU
		{9C69DA83-C1FC-4D04-9EC1-46C0F99EF45A}.Release|Any CPU.ActiveCfg = Release|Any CPU
		{9C69DA83-C1FC-4D04-9EC1-46C0F99EF45A}.Release|Any CPU.Build.0 = Release|Any CPU
	EndGlobalSection
	GlobalSection(SolutionProperties) = preSolution
		HideSolutionNode = FALSE
	EndGlobalSection
	GlobalSection(ExtensibilityGlobals) = postSolution
		SolutionGuid = {21C47697-CE61-4A6B-8688-7DE079EFE10F}
	EndGlobalSection
EndGlobal
